
Microsoft Visual Studio Solution File, Format Version 12.00
# Visual Studio Version 17
VisualStudioVersion = 17.11.35312.102
MinimumVisualStudioVersion = 10.0.40219.1
Project("{FAE04EC0-301F-11D3-BF4B-00C04F79EFBC}") = "CountNumberOfFairPairs", "CountNumberOfFairPairs.csproj", "{61C05F44-AA08-420A-A5B8-10310E017A4F}"
EndProject
Global
	GlobalSection(SolutionConfigurationPlatforms) = preSolution
		Debug|Any CPU = Debug|Any CPU
		Release|Any CPU = Release|Any CPU
	EndGlobalSection
	GlobalSection(ProjectConfigurationPlatforms) = postSolution
		{61C05F44-AA08-420A-A5B8-10310E017A4F}.Debug|Any CPU.ActiveCfg = Debug|Any CPU
		{61C05F44-AA08-420A-A5B8-10310E017A4F}.Debug|Any CPU.Build.0 = Debug|Any CPU
		{61C05F44-AA08-420A-A5B8-10310E017A4F}.Release|Any CPU.ActiveCfg = Release|Any CPU
		{61C05F44-AA08-420A-A5B8-10310E017A4F}.Release|Any CPU.Build.0 = Release|Any CPU
	EndGlobalSection
	GlobalSection(SolutionProperties) = preSolution
		HideSolutionNode = FALSE
	EndGlobalSection
	GlobalSection(ExtensibilityGlobals) = postSolution
		SolutionGuid = {EB64B148-2392-4675-865B-D5933FDB4132}
	EndGlobalSection
EndGlobal
